Microsoft Visual Studio Solution File, Format Version 12.00
# Visual Studio Version 17
VisualStudioVersion = 17.0.31611.283
MinimumVisualStudioVersion = 10.0.40219.1
Project("{9A19103F-16F7-4668-BE54-9A1E7A4F7556}") = "MKPApp", "MKPApp\MKPApp.csproj", "{4FE9B697-768A-4414-BE92-5534B4254CDF}"
EndProject
Project("{9A19103F-16F7-4668-BE54-9A1E7A4F7556}") = "SlippAPI", "SlippAPI\SlippAPI.csproj", "{9263C311-501B-49E2-9F84-89B267C9C213}"
EndProject
Project("{FAE04EC0-301F-11D3-BF4B-00C04F79EFBC}") = "Slipp.Services", "Slipp.Services\Slipp.Services.csproj", "{2831AFBC-036A-4D49-8A91-F1E9296A57AE}"
EndProject
Global
	GlobalSection(SolutionConfigurationPlatforms) = preSolution
		Debug|Any CPU = Debug|Any CPU
		Release|Any CPU = Release|Any CPU
	EndGlobalSection
	GlobalSection(ProjectConfigurationPlatforms) = postSolution
		{4FE9B697-768A-4414-BE92-5534B4254CDF}.Debug|Any CPU.ActiveCfg = Debug|Any CPU
		{4FE9B697-768A-4414-BE92-5534B4254CDF}.Debug|Any CPU.Build.0 = Debug|Any CPU
		{4FE9B697-768A-4414-BE92-5534B4254CDF}.Debug|Any CPU.Deploy.0 = Debug|Any CPU
		{4FE9B697-768A-4414-BE92-5534B4254CDF}.Release|Any CPU.ActiveCfg = Release|Any CPU
		{4FE9B697-768A-4414-BE92-5534B4254CDF}.Release|Any CPU.Build.0 = Release|Any CPU
		{4FE9B697-768A-4414-BE92-5534B4254CDF}.Release|Any CPU.Deploy.0 = Release|Any CPU
		{9263C311-501B-49E2-9F84-89B267C9C213}.Debug|Any CPU.ActiveCfg = Debug|Any CPU
		{9263C311-501B-49E2-9F84-89B267C9C213}.Debug|Any CPU.Build.0 = Debug|Any CPU
		{9263C311-501B-49E2-9F84-89B267C9C213}.Release|Any CPU.ActiveCfg = Release|Any CPU
		{9263C311-501B-49E2-9F84-89B267C9C213}.Release|Any CPU.Build.0 = Release|Any CPU
		{2831AFBC-036A-4D49-8A91-F1E9296A57AE}.Debug|Any CPU.ActiveCfg = Debug|Any CPU
		{2831AFBC-036A-4D49-8A91-F1E9296A57AE}.Debug|Any CPU.Build.0 = Debug|Any CPU
		{2831AFBC-036A-4D49-8A91-F1E9296A57AE}.Release|Any CPU.ActiveCfg = Release|Any CPU
		{2831AFBC-036A-4D49-8A91-F1E9296A57AE}.Release|Any CPU.Build.0 = Release|Any CPU
	EndGlobalSection
	GlobalSection(SolutionProperties) = preSolution
		HideSolutionNode = FALSE
	EndGlobalSection
	GlobalSection(ExtensibilityGlobals) = postSolution
		SolutionGuid = {61F7FB11-1E47-470C-91E2-47F8143E1572}
	EndGlobalSection
EndGlobal
